
Microsoft Visual Studio Solution File, Format Version 12.00
# Visual Studio Version 16
VisualStudioVersion = 16.0.31205.134
MinimumVisualStudioVersion = 10.0.40219.1
Project("{9A19103F-16F7-4668-BE54-9A1E7A4F7556}") = "ConsoleUI", "ConsoleUI\ConsoleUI.csproj", "{03153300-61C1-4D47-846B-3700E0D2137D}"
EndProject
Project("{9A19103F-16F7-4668-BE54-9A1E7A4F7556}") = "Samples", "Samples\Samples.csproj", "{0FBD38F7-C42D-4A28-9681-832AB09140F2}"
EndProject
Global
	GlobalSection(SolutionConfigurationPlatforms) = preSolution
		Debug|Any CPU = Debug|Any CPU
		Release|Any CPU = Release|Any CPU
	EndGlobalSection
	GlobalSection(ProjectConfigurationPlatforms) = postSolution
		{03153300-61C1-4D47-846B-3700E0D2137D}.Debug|Any CPU.ActiveCfg = Debug|Any CPU
		{03153300-61C1-4D47-846B-3700E0D2137D}.Debug|Any CPU.Build.0 = Debug|Any CPU
		{03153300-61C1-4D47-846B-3700E0D2137D}.Release|Any CPU.ActiveCfg = Release|Any CPU
		{03153300-61C1-4D47-846B-3700E0D2137D}.Release|Any CPU.Build.0 = Release|Any CPU
		{0FBD38F7-C42D-4A28-9681-832AB09140F2}.Debug|Any CPU.ActiveCfg = Debug|Any CPU
		{0FBD38F7-C42D-4A28-9681-832AB09140F2}.Debug|Any CPU.Build.0 = Debug|Any CPU
		{0FBD38F7-C42D-4A28-9681-832AB09140F2}.Release|Any CPU.ActiveCfg = Release|Any CPU
		{0FBD38F7-C42D-4A28-9681-832AB09140F2}.Release|Any CPU.Build.0 = Release|Any CPU
	EndGlobalSection
	GlobalSection(SolutionProperties) = preSolution
		HideSolutionNode = FALSE
	EndGlobalSection
	GlobalSection(ExtensibilityGlobals) = postSolution
		SolutionGuid = {8CC7E92B-A5DC-4613-8F79-5561CFED73A1}
	EndGlobalSection
EndGlobal
